<?xml version="1.0" encoding="utf-8"?>
<Project ToolsVersion="4.0" xmlns="http://schemas.microsoft.com/developer/msbuild/2003">
  <ItemGroup>
    <Filter Include="RenderX">
      <UniqueIdentifier>{BD347F9F-2914-FE3A-322C-89119E8A649C}</UniqueIdentifier>
    </Filter>
    <Filter Include="RenderX\dependencies">
      <UniqueIdentifier>{93E76DF2-7F76-F7BB-2895-0BB714030862}</UniqueIdentifier>
    </Filter>
    <Filter Include="RenderX\dependencies\glad">
      <UniqueIdentifier>{7A6EA9B0-E630-DD3A-2FE1-6BC79BE2B518}</UniqueIdentifier>
    </Filter>
    <Filter Include="RenderX\dependencies\glad\src">
      <UniqueIdentifier>{91D96BAC-FDF1-52D6-C69E-E26F3276E76F}</UniqueIdentifier>
    </Filter>
    <Filter Include="src">
      <UniqueIdentifier>{2DAB880B-99B4-887C-2230-9F7C8E38947C}</UniqueIdentifier>
    </Filter>
  </ItemGroup>
  <ItemGroup>
    <ClInclude Include="src\Application.h">
      <Filter>src</Filter>
    </ClInclude>
  </ItemGroup>
  <ItemGroup>
    <ClCompile Include="src\Application.cpp">
      <Filter>src</Filter>
    </ClCompile>
    <ClCompile Include="src\Main.cpp">
      <Filter>src</Filter>
    </ClCompile>
  </ItemGroup>
  <ItemGroup>
    <None Include="shaderSource\hdr.vert" />
    <None Include="shaderSource\hdr.frag" />
    <None Include="shaderSource\test.vert" />
    <None Include="shaderSource\test.frag" />
    <None Include="shaderSource\bloom.vert" />
    <None Include="shaderSource\bloom.frag" />
    <None Include="shaderSource\light_box.frag" />
    <None Include="shaderSource\blur.vert" />
    <None Include="shaderSource\blur.frag" />
    <None Include="shaderSource\PbrCopy.frag" />
    <None Include="shaderSource\bloomFinal.vert" />
    <None Include="shaderSource\bloomFinal.frag" />
  </ItemGroup>
</Project>