<?xml version="1.0" encoding="utf-8"?>
<Project ToolsVersion="4.0" xmlns="http://schemas.microsoft.com/developer/msbuild/2003">
  <ItemGroup>
    <Filter Include="Source Files">
      <UniqueIdentifier>{4FC737F1-C7A5-4376-A066-2A32D752A2FF}</UniqueIdentifier>
      <Extensions>cpp;c;cc;cxx;def;odl;idl;hpj;bat;asm;asmx</Extensions>
    </Filter>
    <Filter Include="Header Files">
      <UniqueIdentifier>{93995380-89BD-4b04-88EB-625FBE52EBFB}</UniqueIdentifier>
      <Extensions>h;hh;hpp;hxx;hm;inl;inc;ipp;xsd</Extensions>
    </Filter>
    <Filter Include="Resource Files">
      <UniqueIdentifier>{67DA6AB6-F800-4c08-8B7A-83BB121AAD01}</UniqueIdentifier>
      <Extensions>rc;ico;cur;bmp;dlg;rc2;rct;bin;rgs;gif;jpg;jpeg;jpe;resx;tiff;tif;png;wav;mfcribbon-ms</Extensions>
    </Filter>
  </ItemGroup>
  <ItemGroup>
    <ClInclude Include="Application.h">
      <Filter>Header Files</Filter>
    </ClInclude>
  </ItemGroup>
  <ItemGroup>
    <ClCompile Include="Application.cpp">
      <Filter>Source Files</Filter>
    </ClCompile>
    <ClCompile Include="Main.cpp">
      <Filter>Source Files</Filter>
    </ClCompile>
    <ClCompile Include="glad.c">
      <Filter>Source Files</Filter>
    </ClCompile>
  </ItemGroup>
  <ItemGroup>
    <None Include="shader\fragment.frag" />
    <None Include="shader\vertex.vert" />
    <None Include="shader\cubeVertex.vert" />
    <None Include="shader\cubeFragment.frag" />
    <None Include="shader\sphereVertex.vert" />
    <None Include="shader\sphereFragment.frag" />
    <None Include="shader\cubemapFragment.frag" />
    <None Include="shader\cubemapVertex.vert" />
  </ItemGroup>
  <ItemGroup>
    <Image Include="texture\wall.jpg">
      <Filter>Resource Files</Filter>
    </Image>
    <Image Include="texture\container.jpg">
      <Filter>Resource Files</Filter>
    </Image>
    <Image Include="texture\ame_iceflats\iceflats_bk.tga" />
    <Image Include="texture\ame_iceflats\iceflats_dn.tga" />
    <Image Include="texture\ame_iceflats\iceflats_ft.tga" />
    <Image Include="texture\ame_iceflats\iceflats_lf.tga" />
    <Image Include="texture\ame_iceflats\iceflats_rt.tga" />
    <Image Include="texture\ame_iceflats\iceflats_up.tga" />
    <Image Include="texture\normal_wall.png">
      <Filter>Resource Files</Filter>
    </Image>
    <Image Include="texture\diffuse_wall.jpg">
      <Filter>Resource Files</Filter>
    </Image>
    <Image Include="texture\pbr\ion\albedo.png">
      <Filter>Resource Files</Filter>
    </Image>
    <Image Include="texture\pbr\ion\ao.png">
      <Filter>Resource Files</Filter>
    </Image>
    <Image Include="texture\pbr\ion\metallic.png">
      <Filter>Resource Files</Filter>
    </Image>
    <Image Include="texture\pbr\ion\normal.png">
      <Filter>Resource Files</Filter>
    </Image>
    <Image Include="texture\pbr\ion\roughness.png">
      <Filter>Resource Files</Filter>
    </Image>
    <Image Include="texture\hw_blue\blue_bk.tga" />
    <Image Include="texture\hw_blue\blue_dn.tga" />
    <Image Include="texture\hw_blue\blue_ft.tga" />
    <Image Include="texture\hw_blue\blue_lf.tga" />
    <Image Include="texture\hw_blue\blue_rt.tga" />
    <Image Include="texture\hw_blue\blue_up.tga" />
    <Image Include="texture\hw_desertnight\desert_night_bk.tga" />
    <Image Include="texture\hw_desertnight\desert_night_dn.tga" />
    <Image Include="texture\hw_desertnight\desert_night_ft.tga" />
    <Image Include="texture\hw_desertnight\desert_night_lf.tga" />
    <Image Include="texture\hw_desertnight\desert_night_rt.tga" />
    <Image Include="texture\hw_desertnight\desert_night_up.tga" />
    <Image Include="texture\hw_lagoon\lagoon_bk.tga" />
    <Image Include="texture\hw_lagoon\lagoon_dn.tga" />
    <Image Include="texture\hw_lagoon\lagoon_ft.tga" />
    <Image Include="texture\hw_lagoon\lagoon_lf.tga" />
    <Image Include="texture\hw_lagoon\lagoon_rt.tga" />
    <Image Include="texture\hw_lagoon\lagoon_up.tga" />
    <Image Include="texture\pbr\gold\albedo.png">
      <Filter>Resource Files</Filter>
    </Image>
    <Image Include="texture\pbr\gold\ao.png">
      <Filter>Resource Files</Filter>
    </Image>
    <Image Include="texture\pbr\gold\metallic.png">
      <Filter>Resource Files</Filter>
    </Image>
    <Image Include="texture\pbr\gold\normal.png">
      <Filter>Resource Files</Filter>
    </Image>
    <Image Include="texture\pbr\gold\roughness.png">
      <Filter>Resource Files</Filter>
    </Image>
    <Image Include="texture\pbr\rock\Marble_04_1K_Base_Color.png">
      <Filter>Resource Files</Filter>
    </Image>
    <Image Include="texture\pbr\rock\Marble_04_1K_Height.png">
      <Filter>Resource Files</Filter>
    </Image>
    <Image Include="texture\pbr\rock\Marble_04_1K_Normal.png">
      <Filter>Resource Files</Filter>
    </Image>
    <Image Include="texture\pbr\rock\Marble_04_1K_Roughness.png">
      <Filter>Resource Files</Filter>
    </Image>
    <Image Include="texture\pbr\rock\Marble_04_1K-Base_AO.png">
      <Filter>Resource Files</Filter>
    </Image>
    <Image Include="texture\pbr\metal1\Thin_stainless_steel_tiles_01_2K_AO.png">
      <Filter>Resource Files</Filter>
    </Image>
    <Image Include="texture\pbr\metal1\Thin_stainless_steel_tiles_01_2K_Base_Color.png">
      <Filter>Resource Files</Filter>
    </Image>
    <Image Include="texture\pbr\metal1\Thin_stainless_steel_tiles_01_2K_Height.png">
      <Filter>Resource Files</Filter>
    </Image>
    <Image Include="texture\pbr\metal1\Thin_stainless_steel_tiles_01_2K_Normal.png">
      <Filter>Resource Files</Filter>
    </Image>
    <Image Include="texture\pbr\metal1\Thin_stainless_steel_tiles_01_2K_Roughness.png">
      <Filter>Resource Files</Filter>
    </Image>
    <Image Include="texture\pbr\blue\Blue_tiles_01_3K_AO.png">
      <Filter>Resource Files</Filter>
    </Image>
    <Image Include="texture\pbr\blue\Blue_tiles_01_3K_Base_Color.png">
      <Filter>Resource Files</Filter>
    </Image>
    <Image Include="texture\pbr\blue\Blue_tiles_01_3K_Height.png">
      <Filter>Resource Files</Filter>
    </Image>
    <Image Include="texture\pbr\blue\Blue_tiles_01_3K_Normal.png">
      <Filter>Resource Files</Filter>
    </Image>
    <Image Include="texture\pbr\blue\Blue_tiles_01_3K_Roughness.png">
      <Filter>Resource Files</Filter>
    </Image>
    <Image Include="texture\pbr\wood\Wooden_planks_05_2K_AO.png">
      <Filter>Resource Files</Filter>
    </Image>
    <Image Include="texture\pbr\wood\Wooden_planks_05_2K_Base_Color.png">
      <Filter>Resource Files</Filter>
    </Image>
    <Image Include="texture\pbr\wood\Wooden_planks_05_2K_Height.png">
      <Filter>Resource Files</Filter>
    </Image>
    <Image Include="texture\pbr\wood\Wooden_planks_05_2K_Normal.png">
      <Filter>Resource Files</Filter>
    </Image>
    <Image Include="texture\pbr\wood\Wooden_planks_05_2K_Roughness.png">
      <Filter>Resource Files</Filter>
    </Image>
  </ItemGroup>
</Project>