<?xml version="1.0" encoding="utf-8"?>
<Project ToolsVersion="4.0" xmlns="http://schemas.microsoft.com/developer/msbuild/2003">
  <ItemGroup>
    <Filter Include="examples">
      <UniqueIdentifier>{84D830B1-70A5-8BBC-99BE-796485EAC04A}</UniqueIdentifier>
    </Filter>
    <Filter Include="examples\example_allegro5">
      <UniqueIdentifier>{994063B8-0503-9742-4EB3-25CFBAB46F20}</UniqueIdentifier>
    </Filter>
    <Filter Include="examples\example_apple_metal">
      <UniqueIdentifier>{C29E89B6-AE59-7962-5711-F2AC43ABC3F2}</UniqueIdentifier>
    </Filter>
    <Filter Include="examples\example_apple_metal\Shared">
      <UniqueIdentifier>{A89BCD78-1455-3823-9DB4-52FD096DEE92}</UniqueIdentifier>
    </Filter>
    <Filter Include="examples\example_emscripten">
      <UniqueIdentifier>{3861BCD7-A46E-EABD-2D55-E6A89961B674}</UniqueIdentifier>
    </Filter>
    <Filter Include="examples\example_glfw_opengl2">
      <UniqueIdentifier>{241A03BE-9032-EAE7-59DF-7981C5B67E81}</UniqueIdentifier>
    </Filter>
    <Filter Include="examples\example_glfw_opengl3">
      <UniqueIdentifier>{251A03BE-9132-EAE7-5ADF-7981C6B67E81}</UniqueIdentifier>
    </Filter>
    <Filter Include="examples\example_glfw_vulkan">
      <UniqueIdentifier>{BE03E1C8-AABE-D074-5376-49BF3F101B05}</UniqueIdentifier>
    </Filter>
    <Filter Include="examples\example_glut_opengl2">
      <UniqueIdentifier>{10482C9D-7C60-13C7-450D-A360B1E4A760}</UniqueIdentifier>
    </Filter>
    <Filter Include="examples\example_marmalade">
      <UniqueIdentifier>{4219E3F3-2E29-8FC4-97E2-F3E283117E5D}</UniqueIdentifier>
    </Filter>
    <Filter Include="examples\example_null">
      <UniqueIdentifier>{596BC32C-C5D7-7E27-8ECB-1685FAF6A08F}</UniqueIdentifier>
    </Filter>
    <Filter Include="examples\example_sdl_directx11">
      <UniqueIdentifier>{D58186C4-C1A7-502B-AAED-D5F696B275F7}</UniqueIdentifier>
    </Filter>
    <Filter Include="examples\example_sdl_opengl2">
      <UniqueIdentifier>{D703283E-C3BE-17EA-6C76-90345810627A}</UniqueIdentifier>
    </Filter>
    <Filter Include="examples\example_sdl_opengl3">
      <UniqueIdentifier>{D803283E-C4BE-17EA-6D76-90345910627A}</UniqueIdentifier>
    </Filter>
    <Filter Include="examples\example_sdl_vulkan">
      <UniqueIdentifier>{11036658-7D10-943E-06F7-8F29720360F5}</UniqueIdentifier>
    </Filter>
    <Filter Include="examples\example_win32_directx10">
      <UniqueIdentifier>{44598166-30AA-6CA8-590E-5B6A45BEFF11}</UniqueIdentifier>
    </Filter>
    <Filter Include="examples\example_win32_directx11">
      <UniqueIdentifier>{45598166-31AA-6CA8-5A0E-5B6A46BEFF11}</UniqueIdentifier>
    </Filter>
    <Filter Include="examples\example_win32_directx12">
      <UniqueIdentifier>{46598166-32AA-6CA8-5B0E-5B6A47BEFF11}</UniqueIdentifier>
    </Filter>
    <Filter Include="examples\example_win32_directx9">
      <UniqueIdentifier>{9C867058-086A-7F98-116D-ADD47DCF45E9}</UniqueIdentifier>
    </Filter>
    <Filter Include="examples\libs">
      <UniqueIdentifier>{5D4FF000-C90F-6C37-924A-B5B4FEC9B013}</UniqueIdentifier>
    </Filter>
    <Filter Include="examples\libs\gl3w">
      <UniqueIdentifier>{A93EF63A-9522-B790-FE82-B1E3EA85A112}</UniqueIdentifier>
    </Filter>
    <Filter Include="examples\libs\gl3w\GL">
      <UniqueIdentifier>{6BFB9201-D767-4EFC-A05B-E6590C877064}</UniqueIdentifier>
    </Filter>
    <Filter Include="examples\libs\glfw">
      <UniqueIdentifier>{3C45F63A-2829-B790-9189-B1E37D8CA112}</UniqueIdentifier>
    </Filter>
    <Filter Include="examples\libs\glfw\include">
      <UniqueIdentifier>{AFE822A3-9BF8-CE73-04B2-3392F0E0BD0C}</UniqueIdentifier>
    </Filter>
    <Filter Include="examples\libs\glfw\include\GLFW">
      <UniqueIdentifier>{4E69E5B0-BA4C-F4F0-C34F-222D2FB2BA41}</UniqueIdentifier>
    </Filter>
    <Filter Include="examples\libs\usynergy">
      <UniqueIdentifier>{324D28DD-1E47-512F-07B4-E73FF34CB79B}</UniqueIdentifier>
    </Filter>
  </ItemGroup>
  <ItemGroup>
    <ClInclude Include="src\imgui\imconfig.h" />
    <ClInclude Include="src\imgui\imgui.h" />
    <ClInclude Include="src\imgui\imgui_impl_glfw.h" />
    <ClInclude Include="src\imgui\imgui_impl_opengl3.h" />
    <ClInclude Include="src\imgui\imgui_internal.h" />
    <ClInclude Include="src\imgui\imstb_rectpack.h" />
    <ClInclude Include="src\imgui\imstb_textedit.h" />
    <ClInclude Include="src\imgui\imstb_truetype.h" />
  </ItemGroup>
  <ItemGroup>
    <ClCompile Include="src\imgui\imgui.cpp" />
    <ClCompile Include="src\imgui\imgui_demo.cpp" />
    <ClCompile Include="src\imgui\imgui_draw.cpp" />
    <ClCompile Include="src\imgui\imgui_impl_glfw.cpp" />
    <ClCompile Include="src\imgui\imgui_impl_opengl3.cpp" />
    <ClCompile Include="src\imgui\imgui_widgets.cpp" />
  </ItemGroup>
</Project>