<?xml version="1.0" encoding="utf-8"?>
<Project ToolsVersion="4.0" xmlns="http://schemas.microsoft.com/developer/msbuild/2003">
  <ItemGroup>
    <Filter Include="RenderX">
      <UniqueIdentifier>{BD347F9F-2914-FE3A-322C-89119E8A649C}</UniqueIdentifier>
    </Filter>
    <Filter Include="RenderX\Base">
      <UniqueIdentifier>{670F772F-5372-06D4-FCF7-3E8AE839D256}</UniqueIdentifier>
    </Filter>
    <Filter Include="RenderX\Base\Event">
      <UniqueIdentifier>{F841BAC1-E425-7B17-4D86-756A39896599}</UniqueIdentifier>
    </Filter>
    <Filter Include="RenderX\BasicRenderer">
      <UniqueIdentifier>{A5CF14F4-113C-D0EE-DA2F-684C465BF256}</UniqueIdentifier>
    </Filter>
    <Filter Include="RenderX\Core">
      <UniqueIdentifier>{35D7772F-213A-07D4-CABF-3F8AB601D356}</UniqueIdentifier>
    </Filter>
    <Filter Include="RenderX\Editor">
      <UniqueIdentifier>{531BA9F0-3FE9-9CF6-287D-0D1D14EA785B}</UniqueIdentifier>
    </Filter>
    <Filter Include="RenderX\ImGui">
      <UniqueIdentifier>{A783DD1E-1344-5955-DC7E-A2D248FE9D31}</UniqueIdentifier>
    </Filter>
    <Filter Include="RenderX\Utils">
      <UniqueIdentifier>{DD0FBB1F-49D0-3656-120B-80D37E8A7B32}</UniqueIdentifier>
    </Filter>
    <Filter Include="RenderX\Vendor">
      <UniqueIdentifier>{5A606518-462E-591E-2FC2-C9441B2F3583}</UniqueIdentifier>
    </Filter>
  </ItemGroup>
  <ItemGroup>
    <ClInclude Include="src\RenderX.h" />
    <ClInclude Include="src\RenderX\Base\BasicConfig.h">
      <Filter>RenderX\Base</Filter>
    </ClInclude>
    <ClInclude Include="src\RenderX\Base\Camera.h">
      <Filter>RenderX\Base</Filter>
    </ClInclude>
    <ClInclude Include="src\RenderX\Base\Event\Event.h">
      <Filter>RenderX\Base\Event</Filter>
    </ClInclude>
    <ClInclude Include="src\RenderX\Base\Event\KeyEvent.h">
      <Filter>RenderX\Base\Event</Filter>
    </ClInclude>
    <ClInclude Include="src\RenderX\Base\Event\MouseEvent.h">
      <Filter>RenderX\Base\Event</Filter>
    </ClInclude>
    <ClInclude Include="src\RenderX\Base\Event\WindowEvent.h">
      <Filter>RenderX\Base\Event</Filter>
    </ClInclude>
    <ClInclude Include="src\RenderX\Base\Input.h">
      <Filter>RenderX\Base</Filter>
    </ClInclude>
    <ClInclude Include="src\RenderX\Base\Keyboard.h">
      <Filter>RenderX\Base</Filter>
    </ClInclude>
    <ClInclude Include="src\RenderX\Base\Mouse.h">
      <Filter>RenderX\Base</Filter>
    </ClInclude>
    <ClInclude Include="src\RenderX\Base\Window.h">
      <Filter>RenderX\Base</Filter>
    </ClInclude>
    <ClInclude Include="src\RenderX\BasicRenderer\BasicRenderer.h">
      <Filter>RenderX\BasicRenderer</Filter>
    </ClInclude>
    <ClInclude Include="src\RenderX\Core\AABB.h">
      <Filter>RenderX\Core</Filter>
    </ClInclude>
    <ClInclude Include="src\RenderX\Core\Framebuffer.h">
      <Filter>RenderX\Core</Filter>
    </ClInclude>
    <ClInclude Include="src\RenderX\Core\IBL.h">
      <Filter>RenderX\Core</Filter>
    </ClInclude>
    <ClInclude Include="src\RenderX\Core\Indexbuffer.h">
      <Filter>RenderX\Core</Filter>
    </ClInclude>
    <ClInclude Include="src\RenderX\Core\Material.h">
      <Filter>RenderX\Core</Filter>
    </ClInclude>
    <ClInclude Include="src\RenderX\Core\Mesh.h">
      <Filter>RenderX\Core</Filter>
    </ClInclude>
    <ClInclude Include="src\RenderX\Core\Model.h">
      <Filter>RenderX\Core</Filter>
    </ClInclude>
    <ClInclude Include="src\RenderX\Core\RenderScene.h">
      <Filter>RenderX\Core</Filter>
    </ClInclude>
    <ClInclude Include="src\RenderX\Core\Shader.h">
      <Filter>RenderX\Core</Filter>
    </ClInclude>
    <ClInclude Include="src\RenderX\Core\ShadowMap.h">
      <Filter>RenderX\Core</Filter>
    </ClInclude>
    <ClInclude Include="src\RenderX\Core\Skybox.h">
      <Filter>RenderX\Core</Filter>
    </ClInclude>
    <ClInclude Include="src\RenderX\Core\Texture.h">
      <Filter>RenderX\Core</Filter>
    </ClInclude>
    <ClInclude Include="src\RenderX\Core\VertexArray.h">
      <Filter>RenderX\Core</Filter>
    </ClInclude>
    <ClInclude Include="src\RenderX\Core\Vertexbuffer.h">
      <Filter>RenderX\Core</Filter>
    </ClInclude>
    <ClInclude Include="src\RenderX\Editor\EnvironmentEditor.h">
      <Filter>RenderX\Editor</Filter>
    </ClInclude>
    <ClInclude Include="src\RenderX\Editor\MaterialEditor.h">
      <Filter>RenderX\Editor</Filter>
    </ClInclude>
    <ClInclude Include="src\RenderX\Editor\Menubar.h">
      <Filter>RenderX\Editor</Filter>
    </ClInclude>
    <ClInclude Include="src\RenderX\Editor\RendererPropEditor.h">
      <Filter>RenderX\Editor</Filter>
    </ClInclude>
    <ClInclude Include="src\RenderX\Editor\SceneHierarchyPanel.h">
      <Filter>RenderX\Editor</Filter>
    </ClInclude>
    <ClInclude Include="src\RenderX\Editor\ViewportWindow.h">
      <Filter>RenderX\Editor</Filter>
    </ClInclude>
    <ClInclude Include="src\RenderX\ImGui\Imgui.h">
      <Filter>RenderX\ImGui</Filter>
    </ClInclude>
    <ClInclude Include="src\RenderX\Utils\FileDialogs.h">
      <Filter>RenderX\Utils</Filter>
    </ClInclude>
    <ClInclude Include="src\RenderX\Vendor\stb_image.h">
      <Filter>RenderX\Vendor</Filter>
    </ClInclude>
    <ClInclude Include="src\pch.h" />
    <ClInclude Include="src\RenderX\Core\Hdr.h" />
    <ClInclude Include="src\RenderX\Core\Bloom.h" />
    <ClInclude Include="src\RenderX\Editor\ContentBrowser.h" />
    <ClInclude Include="src\RenderX\Core\GBuffer.h" />
    <ClInclude Include="src\RenderX\Core\SSAO.h" />
    <ClInclude Include="dependencies\ImGuizmo\ImGuizmo.h" />
    <ClInclude Include="dependencies\ImGuizmo\ImCurveEdit.h" />
    <ClInclude Include="dependencies\ImGuizmo\ImGradient.h" />
    <ClInclude Include="dependencies\ImGuizmo\ImSequencer.h" />
    <ClInclude Include="dependencies\ImGuizmo\ImZoomSlider.h" />
    <ClInclude Include="src\RenderX\Core\Transform.h" />
    <ClInclude Include="src\RenderX\Physics\Phycics.h" />
    <ClInclude Include="src\RenderX\Physics\Collision.h" />
  </ItemGroup>
  <ItemGroup>
    <ClCompile Include="src\RenderX\Base\BasicConfig.cpp">
      <Filter>RenderX\Base</Filter>
    </ClCompile>
    <ClCompile Include="src\RenderX\Base\Camera.cpp">
      <Filter>RenderX\Base</Filter>
    </ClCompile>
    <ClCompile Include="src\RenderX\Base\Input.cpp">
      <Filter>RenderX\Base</Filter>
    </ClCompile>
    <ClCompile Include="src\RenderX\Base\Keyboard.cpp">
      <Filter>RenderX\Base</Filter>
    </ClCompile>
    <ClCompile Include="src\RenderX\Base\Mouse.cpp">
      <Filter>RenderX\Base</Filter>
    </ClCompile>
    <ClCompile Include="src\RenderX\Base\Window.cpp">
      <Filter>RenderX\Base</Filter>
    </ClCompile>
    <ClCompile Include="src\RenderX\BasicRenderer\BasicRenderer.cpp">
      <Filter>RenderX\BasicRenderer</Filter>
    </ClCompile>
    <ClCompile Include="src\RenderX\Core\Framebuffer.cpp">
      <Filter>RenderX\Core</Filter>
    </ClCompile>
    <ClCompile Include="src\RenderX\Core\IBL.cpp">
      <Filter>RenderX\Core</Filter>
    </ClCompile>
    <ClCompile Include="src\RenderX\Core\Indexbuffer.cpp">
      <Filter>RenderX\Core</Filter>
    </ClCompile>
    <ClCompile Include="src\RenderX\Core\Mesh.cpp">
      <Filter>RenderX\Core</Filter>
    </ClCompile>
    <ClCompile Include="src\RenderX\Core\Model.cpp">
      <Filter>RenderX\Core</Filter>
    </ClCompile>
    <ClCompile Include="src\RenderX\Core\RenderScene.cpp">
      <Filter>RenderX\Core</Filter>
    </ClCompile>
    <ClCompile Include="src\RenderX\Core\Shader.cpp">
      <Filter>RenderX\Core</Filter>
    </ClCompile>
    <ClCompile Include="src\RenderX\Core\ShadowMap.cpp">
      <Filter>RenderX\Core</Filter>
    </ClCompile>
    <ClCompile Include="src\RenderX\Core\Skybox.cpp">
      <Filter>RenderX\Core</Filter>
    </ClCompile>
    <ClCompile Include="src\RenderX\Core\Texture.cpp">
      <Filter>RenderX\Core</Filter>
    </ClCompile>
    <ClCompile Include="src\RenderX\Core\VertexArray.cpp">
      <Filter>RenderX\Core</Filter>
    </ClCompile>
    <ClCompile Include="src\RenderX\Core\Vertexbuffer.cpp">
      <Filter>RenderX\Core</Filter>
    </ClCompile>
    <ClCompile Include="src\RenderX\Editor\EnvironmentEditor.cpp">
      <Filter>RenderX\Editor</Filter>
    </ClCompile>
    <ClCompile Include="src\RenderX\Editor\MaterialEditor.cpp">
      <Filter>RenderX\Editor</Filter>
    </ClCompile>
    <ClCompile Include="src\RenderX\Editor\Menubar.cpp">
      <Filter>RenderX\Editor</Filter>
    </ClCompile>
    <ClCompile Include="src\RenderX\Editor\RendererPropEditor.cpp">
      <Filter>RenderX\Editor</Filter>
    </ClCompile>
    <ClCompile Include="src\RenderX\Editor\SceneHierarchyPanel.cpp">
      <Filter>RenderX\Editor</Filter>
    </ClCompile>
    <ClCompile Include="src\RenderX\Editor\ViewportWindow.cpp">
      <Filter>RenderX\Editor</Filter>
    </ClCompile>
    <ClCompile Include="src\RenderX\ImGui\Imgui.cpp">
      <Filter>RenderX\ImGui</Filter>
    </ClCompile>
    <ClCompile Include="src\RenderX\Utils\FileDialogs.cpp">
      <Filter>RenderX\Utils</Filter>
    </ClCompile>
    <ClCompile Include="src\pch.cpp" />
    <ClCompile Include="src\RenderX\Core\Hdr.cpp" />
    <ClCompile Include="src\RenderX\Core\Bloom.cpp" />
    <ClCompile Include="src\RenderX\Editor\ContentBrowser.cpp" />
    <ClCompile Include="src\RenderX\Core\GBuffer.cpp" />
    <ClCompile Include="src\RenderX\Core\SSAO.cpp" />
    <ClCompile Include="dependencies\ImGuizmo\ImCurveEdit.cpp" />
    <ClCompile Include="dependencies\ImGuizmo\ImGradient.cpp" />
    <ClCompile Include="dependencies\ImGuizmo\ImGuizmo.cpp" />
    <ClCompile Include="dependencies\ImGuizmo\ImSequencer.cpp" />
    <ClCompile Include="src\RenderX\Physics\Physics.cpp" />
    <ClCompile Include="src\RenderX\Physics\Collision.cpp" />
  </ItemGroup>
</Project>